{
    "_readme": [
        "This file locks the dependencies of your project to a known state",
        "Read more about it at https://getcomposer.org/doc/01-basic-usage.md#installing-dependencies",
        "This file is @generated automatically"
    ],
    "content-hash": "0ffdb62cca09cb0a7bf5b12b5ac0f304",
    "packages": [
        {
            "name": "iignatov/lightopenid",
            "version": "1.0.0",
            "source": {
                "type": "git",
                "url": "https://github.com/WillSkates/LightOpenID.git",
                "reference": "15264c31aef8bbe7ea18f12b6da4ccdb9927f9fa"
            },
            "dist": {
                "type": "zip",
                "url": "https://api.github.com/repos/WillSkates/LightOpenID/zipball/15264c31aef8bbe7ea18f12b6da4ccdb9927f9fa",
                "reference": "15264c31aef8bbe7ea18f12b6da4ccdb9927f9fa",
                "shasum": ""
            },
            "require": {
                "php": ">=5.2"
            },
            "type": "library",
            "autoload": {
                "classmap": [
                    "openid.php",
                    "provider/provider.php"
                ]
            },
            "notification-url": "https://packagist.org/downloads/",
            "license": [
                "MIT"
            ],
            "authors": [
                {
                    "name": "Ignat Ignatov",
                    "homepage": "https://github.com/iignatov/LightOpenID"
                },
                {
                    "name": "Mewp",
                    "homepage": "https://code.google.com/p/lightopenid/"
                }
            ],
            "description": "Lightweight PHP5 library for easy OpenID authentication.",
            "homepage": "https://github.com/iignatov/LightOpenID",
            "keywords": [
                "Authentication",
                "OpenId",
                "security"
            ],
            "support": {
                "source": "https://github.com/WillSkates/LightOpenID/tree/1.0.0"
            },
            "time": "2014-01-27T06:01:05+00:00"
        },
        {
            "name": "jwread/lib-allure",
            "version": "8.3.0",
            "source": {
                "type": "git",
                "url": "https://github.com/jamesread/libAllure.git",
                "reference": "95b640150547b2cc70412382e60d5b068fec1b2b"
            },
            "dist": {
                "type": "zip",
                "url": "https://api.github.com/repos/jamesread/libAllure/zipball/95b640150547b2cc70412382e60d5b068fec1b2b",
                "reference": "95b640150547b2cc70412382e60d5b068fec1b2b",
                "shasum": ""
            },
            "require": {
                "iignatov/lightopenid": "^1.0",
                "smarty/smarty": "^4.3"
            },
            "require-dev": {
                "phpstan/phpstan": "^2.1",
                "phpunit/php-code-coverage": "^9",
                "phpunit/phpunit": "^9.5",
                "squizlabs/php_codesniffer": "^3.13"
            },
            "type": "library",
            "autoload": {
                "psr-4": {
                    "libAllure\\": "src/main/php/libAllure/"
                }
            },
            "notification-url": "https://packagist.org/downloads/",
            "license": [
                "GPL-2.0-only"
            ],
            "authors": [
                {
                    "name": "jamesread",
                    "email": "contact@jwread.com"
                }
            ],
            "description": "A set of utilities, helpers and shims. It aims to be pretty modular and lightweight. API Docs are here; http://jamesread.github.io/libAllure/",
            "homepage": "https://github.com/jamesread/libAllure",
            "support": {
                "issues": "https://github.com/jamesread/libAllure/issues",
                "source": "https://github.com/jamesread/libAllure/tree/8.3.0"
            },
            "time": "2025-12-03T09:27:54+00:00"
        },
        {
            "name": "jwread/olivetin-bindings-php",
            "version": "1.0.0",
            "source": {
                "type": "git",
                "url": "https://github.com/OliveTin/OliveTin-bindings-php.git",
                "reference": "81c924c634a13a451bff3a92e9c2cb9c0fec6e10"
            },
            "dist": {
                "type": "zip",
                "url": "https://api.github.com/repos/OliveTin/OliveTin-bindings-php/zipball/81c924c634a13a451bff3a92e9c2cb9c0fec6e10",
                "reference": "81c924c634a13a451bff3a92e9c2cb9c0fec6e10",
                "shasum": ""
            },
            "require": {
                "ext-curl": "*",
                "ext-json": "*",
                "php": ">=8.1"
            },
            "require-dev": {
                "phpstan/phpstan": "^2.1",
                "phpunit/phpunit": "^10.5.62",
                "squizlabs/php_codesniffer": "^3.13"
            },
            "type": "library",
            "autoload": {
                "psr-4": {
                    "OliveTin\\Api\\": "src/"
                }
            },
            "notification-url": "https://packagist.org/downloads/",
            "license": [
                "Apache-2.0"
            ],
            "description": "PHP client for the OliveTin Connect RPC API — start actions with bearer API-key style credentials",
            "support": {
                "issues": "https://github.com/OliveTin/OliveTin-bindings-php/issues",
                "source": "https://github.com/OliveTin/OliveTin-bindings-php/tree/1.0.0"
            },
            "time": "2026-05-21T15:53:13+00:00"
        },
        {
            "name": "pear/auth_sasl",
            "version": "v1.2.0",
            "source": {
                "type": "git",
                "url": "https://github.com/pear/Auth_SASL.git",
                "reference": "ebf4c2c5ea190b283229f8443b866ccf34422471"
            },
            "dist": {
                "type": "zip",
                "url": "https://api.github.com/repos/pear/Auth_SASL/zipball/ebf4c2c5ea190b283229f8443b866ccf34422471",
                "reference": "ebf4c2c5ea190b283229f8443b866ccf34422471",
                "shasum": ""
            },
            "require-dev": {
                "phpunit/phpunit": "@stable"
            },
            "type": "library",
            "autoload": {
                "psr-0": {
                    "Auth": "./"
                }
            },
            "notification-url": "https://packagist.org/downloads/",
            "include-path": [
                "./"
            ],
            "license": [
                "BSD-3-Clause"
            ],
            "authors": [
                {
                    "name": "Anish Mistry",
                    "email": "amistry@am-productions.biz",
                    "role": "Lead"
                },
                {
                    "name": "Richard Heyes",
                    "email": "richard@php.net",
                    "role": "Lead"
                },
                {
                    "name": "Michael Bretterklieber",
                    "email": "michael@bretterklieber.com",
                    "role": "Lead"
                }
            ],
            "description": "Abstraction of various SASL mechanism responses",
            "homepage": "http://pear.php.net/package/Auth_SASL",
            "support": {
                "issues": "http://pear.php.net/bugs/search.php?cmd=display&package_name[]=Auth_SASL",
                "source": "https://github.com/pear/Auth_SASL"
            },
            "time": "2023-12-21T21:52:08+00:00"
        },
        {
            "name": "pear/console_getopt",
            "version": "v1.4.3",
            "source": {
                "type": "git",
                "url": "https://github.com/pear/Console_Getopt.git",
                "reference": "a41f8d3e668987609178c7c4a9fe48fecac53fa0"
            },
            "dist": {
                "type": "zip",
                "url": "https://api.github.com/repos/pear/Console_Getopt/zipball/a41f8d3e668987609178c7c4a9fe48fecac53fa0",
                "reference": "a41f8d3e668987609178c7c4a9fe48fecac53fa0",
                "shasum": ""
            },
            "type": "library",
            "autoload": {
                "psr-0": {
                    "Console": "./"
                }
            },
            "notification-url": "https://packagist.org/downloads/",
            "include-path": [
                "./"
            ],
            "license": [
                "BSD-2-Clause"
            ],
            "authors": [
                {
                    "name": "Andrei Zmievski",
                    "email": "andrei@php.net",
                    "role": "Lead"
                },
                {
                    "name": "Stig Bakken",
                    "email": "stig@php.net",
                    "role": "Developer"
                },
                {
                    "name": "Greg Beaver",
                    "email": "cellog@php.net",
                    "role": "Helper"
                }
            ],
            "description": "More info available on: http://pear.php.net/package/Console_Getopt",
            "support": {
                "issues": "http://pear.php.net/bugs/search.php?cmd=display&package_name[]=Console_Getopt",
                "source": "https://github.com/pear/Console_Getopt"
            },
            "time": "2019-11-20T18:27:48+00:00"
        },
        {
            "name": "pear/mail",
            "version": "v2.0.0",
            "source": {
                "type": "git",
                "url": "https://github.com/pear/Mail.git",
                "reference": "eb053f8b74f4f3178105fcf001626e63068c0dbc"
            },
            "dist": {
                "type": "zip",
                "url": "https://api.github.com/repos/pear/Mail/zipball/eb053f8b74f4f3178105fcf001626e63068c0dbc",
                "reference": "eb053f8b74f4f3178105fcf001626e63068c0dbc",
                "shasum": ""
            },
            "require": {
                "pear/pear-core-minimal": "~1.9",
                "php": ">=5.2.1"
            },
            "require-dev": {
                "pear/pear": "*"
            },
            "suggest": {
                "pear/net_smtp": "Install optionally via your project's composer.json"
            },
            "type": "library",
            "autoload": {
                "psr-0": {
                    "Mail": "./"
                }
            },
            "notification-url": "https://packagist.org/downloads/",
            "include-path": [
                "./"
            ],
            "license": [
                "BSD-3-Clause"
            ],
            "authors": [
                {
                    "name": "Chuck Hagenbuch",
                    "email": "chuck@horde.org",
                    "role": "Lead"
                },
                {
                    "name": "Armin Graefe",
                    "email": "schengawegga@gmail.com",
                    "role": "Lead"
                },
                {
                    "name": "Richard Heyes",
                    "email": "richard@phpguru.org",
                    "role": "Developer"
                },
                {
                    "name": "Aleksander Machniak",
                    "email": "alec@alec.pl",
                    "role": "Developer"
                }
            ],
            "description": "Class that provides multiple interfaces for sending emails.",
            "homepage": "http://pear.php.net/package/Mail",
            "support": {
                "issues": "http://pear.php.net/bugs/search.php?cmd=display&package_name[]=Mail",
                "source": "https://github.com/pear/Mail"
            },
            "time": "2024-01-15T21:56:23+00:00"
        },
        {
            "name": "pear/net_smtp",
            "version": "1.12.2",
            "source": {
                "type": "git",
                "url": "https://github.com/pear/Net_SMTP.git",
                "reference": "76173b3ee542a683127ab5429612b6ea519db64d"
            },
            "dist": {
                "type": "zip",
                "url": "https://api.github.com/repos/pear/Net_SMTP/zipball/76173b3ee542a683127ab5429612b6ea519db64d",
                "reference": "76173b3ee542a683127ab5429612b6ea519db64d",
                "shasum": ""
            },
            "require": {
                "pear/net_socket": "@stable",
                "pear/pear-core-minimal": "@stable",
                "php": ">=5.4.0"
            },
            "require-dev": {
                "phpunit/phpunit": "*"
            },
            "suggest": {
                "pear/auth_sasl": "Install optionally via your project's composer.json"
            },
            "type": "library",
            "autoload": {
                "psr-0": {
                    "Net": "./"
                }
            },
            "notification-url": "https://packagist.org/downloads/",
            "include-path": [
                "./"
            ],
            "license": [
                "BSD-2-Clause"
            ],
            "authors": [
                {
                    "name": "Jon Parise",
                    "email": "jon@php.net",
                    "homepage": "https://www.indelible.org",
                    "role": "Lead"
                },
                {
                    "name": "Chuck Hagenbuch",
                    "email": "chuck@horde.org",
                    "role": "Lead"
                },
                {
                    "name": "Armin Graefe",
                    "email": "schengawegga@gmail.com",
                    "role": "Lead"
                }
            ],
            "description": "An implementation of the SMTP protocol",
            "homepage": "https://pear.github.io/Net_SMTP/",
            "keywords": [
                "email",
                "mail",
                "smtp"
            ],
            "support": {
                "issues": "https://github.com/pear/Net_SMTP/issues",
                "source": "https://github.com/pear/Net_SMTP"
            },
            "time": "2026-01-04T22:03:47+00:00"
        },
        {
            "name": "pear/net_socket",
            "version": "v1.2.2",
            "source": {
                "type": "git",
                "url": "https://github.com/pear/Net_Socket.git",
                "reference": "bbe6a12bb4f7059dba161f6ddd43f369c0ec8d09"
            },
            "dist": {
                "type": "zip",
                "url": "https://api.github.com/repos/pear/Net_Socket/zipball/bbe6a12bb4f7059dba161f6ddd43f369c0ec8d09",
                "reference": "bbe6a12bb4f7059dba161f6ddd43f369c0ec8d09",
                "shasum": ""
            },
            "require": {
                "pear/pear_exception": "*"
            },
            "require-dev": {
                "phpunit/phpunit": "*"
            },
            "type": "library",
            "autoload": {
                "psr-0": {
                    "Net": "./"
                }
            },
            "notification-url": "https://packagist.org/downloads/",
            "include-path": [
                "./"
            ],
            "license": [
                "PHP License"
            ],
            "authors": [
                {
                    "name": "Chuck Hagenbuch",
                    "email": "chuck@horde.org",
                    "role": "Lead"
                },
                {
                    "name": "Aleksander Machniak",
                    "email": "alec@php.net",
                    "role": "Lead"
                },
                {
                    "name": "Stig Bakken",
                    "email": "stig@php.net",
                    "role": "Lead"
                }
            ],
            "description": "More info available on: http://pear.php.net/package/Net_Socket",
            "support": {
                "issues": "http://pear.php.net/bugs/search.php?cmd=display&package_name[]=Net_Socket",
                "source": "https://github.com/pear/Net_Socket"
            },
            "abandoned": true,
            "time": "2015-03-22T15:48:19+00:00"
        },
        {
            "name": "pear/pear-core-minimal",
            "version": "v1.10.18",
            "source": {
                "type": "git",
                "url": "https://github.com/pear/pear-core-minimal.git",
                "reference": "c7b55789d01de0ce090d289b73f1bbd6a2f113b1"
            },
            "dist": {
                "type": "zip",
                "url": "https://api.github.com/repos/pear/pear-core-minimal/zipball/c7b55789d01de0ce090d289b73f1bbd6a2f113b1",
                "reference": "c7b55789d01de0ce090d289b73f1bbd6a2f113b1",
                "shasum": ""
            },
            "require": {
                "pear/console_getopt": "~1.4",
                "pear/pear_exception": "~1.0",
                "php": ">=5.4"
            },
            "replace": {
                "rsky/pear-core-min": "self.version"
            },
            "type": "library",
            "autoload": {
                "classmap": [
                    "src/"
                ]
            },
            "notification-url": "https://packagist.org/downloads/",
            "include-path": [
                "src/"
            ],
            "license": [
                "BSD-3-Clause"
            ],
            "authors": [
                {
                    "name": "Christian Weiske",
                    "email": "cweiske@php.net",
                    "role": "Lead"
                }
            ],
            "description": "Minimal set of PEAR core files to be used as composer dependency",
            "support": {
                "issues": "http://pear.php.net/bugs/search.php?cmd=display&package_name[]=PEAR",
                "source": "https://github.com/pear/pear-core-minimal"
            },
            "time": "2025-12-14T20:37:07+00:00"
        },
        {
            "name": "pear/pear_exception",
            "version": "v1.0.2",
            "source": {
                "type": "git",
                "url": "https://github.com/pear/PEAR_Exception.git",
                "reference": "b14fbe2ddb0b9f94f5b24cf08783d599f776fff0"
            },
            "dist": {
                "type": "zip",
                "url": "https://api.github.com/repos/pear/PEAR_Exception/zipball/b14fbe2ddb0b9f94f5b24cf08783d599f776fff0",
                "reference": "b14fbe2ddb0b9f94f5b24cf08783d599f776fff0",
                "shasum": ""
            },
            "require": {
                "php": ">=5.2.0"
            },
            "require-dev": {
                "phpunit/phpunit": "<9"
            },
            "type": "class",
            "extra": {
                "branch-alias": {
                    "dev-master": "1.0.x-dev"
                }
            },
            "autoload": {
                "classmap": [
                    "PEAR/"
                ]
            },
            "notification-url": "https://packagist.org/downloads/",
            "include-path": [
                "."
            ],
            "license": [
                "BSD-2-Clause"
            ],
            "authors": [
                {
                    "name": "Helgi Thormar",
                    "email": "dufuz@php.net"
                },
                {
                    "name": "Greg Beaver",
                    "email": "cellog@php.net"
                }
            ],
            "description": "The PEAR Exception base class.",
            "homepage": "https://github.com/pear/PEAR_Exception",
            "keywords": [
                "exception"
            ],
            "support": {
                "issues": "http://pear.php.net/bugs/search.php?cmd=display&package_name[]=PEAR_Exception",
                "source": "https://github.com/pear/PEAR_Exception"
            },
            "time": "2021-03-21T15:43:46+00:00"
        },
        {
            "name": "smarty/smarty",
            "version": "v4.5.6",
            "source": {
                "type": "git",
                "url": "https://github.com/smarty-php/smarty.git",
                "reference": "a8d77c86660ca0562ec2fb781fbbda737fb7a62b"
            },
            "dist": {
                "type": "zip",
                "url": "https://api.github.com/repos/smarty-php/smarty/zipball/a8d77c86660ca0562ec2fb781fbbda737fb7a62b",
                "reference": "a8d77c86660ca0562ec2fb781fbbda737fb7a62b",
                "shasum": ""
            },
            "require": {
                "php": "^7.1 || ^8.0"
            },
            "require-dev": {
                "phpunit/phpunit": "^8.5 || ^7.5",
                "smarty/smarty-lexer": "^3.1"
            },
            "type": "library",
            "extra": {
                "branch-alias": {
                    "dev-master": "4.0.x-dev"
                }
            },
            "autoload": {
                "classmap": [
                    "libs/"
                ]
            },
            "notification-url": "https://packagist.org/downloads/",
            "license": [
                "LGPL-3.0"
            ],
            "authors": [
                {
                    "name": "Monte Ohrt",
                    "email": "monte@ohrt.com"
                },
                {
                    "name": "Uwe Tews",
                    "email": "uwe.tews@googlemail.com"
                },
                {
                    "name": "Rodney Rehm",
                    "email": "rodney.rehm@medialize.de"
                },
                {
                    "name": "Simon Wisselink",
                    "homepage": "https://www.iwink.nl/"
                }
            ],
            "description": "Smarty - the compiling PHP template engine",
            "homepage": "https://smarty-php.github.io/smarty/",
            "keywords": [
                "templating"
            ],
            "support": {
                "forum": "https://github.com/smarty-php/smarty/discussions",
                "issues": "https://github.com/smarty-php/smarty/issues",
                "source": "https://github.com/smarty-php/smarty/tree/v4.5.6"
            },
            "funding": [
                {
                    "url": "https://github.com/wisskid",
                    "type": "github"
                }
            ],
            "time": "2025-08-26T08:37:46+00:00"
        }
    ],
    "packages-dev": [
        {
            "name": "phpstan/phpstan",
            "version": "1.12.33",
            "dist": {
                "type": "zip",
                "url": "https://api.github.com/repos/phpstan/phpstan/zipball/37982d6fc7cbb746dda7773530cda557cdf119e1",
                "reference": "37982d6fc7cbb746dda7773530cda557cdf119e1",
                "shasum": ""
            },
            "require": {
                "php": "^7.2|^8.0"
            },
            "conflict": {
                "phpstan/phpstan-shim": "*"
            },
            "bin": [
                "phpstan",
                "phpstan.phar"
            ],
            "type": "library",
            "autoload": {
                "files": [
                    "bootstrap.php"
                ]
            },
            "notification-url": "https://packagist.org/downloads/",
            "license": [
                "MIT"
            ],
            "description": "PHPStan - PHP Static Analysis Tool",
            "keywords": [
                "dev",
                "static analysis"
            ],
            "support": {
                "docs": "https://phpstan.org/user-guide/getting-started",
                "forum": "https://github.com/phpstan/phpstan/discussions",
                "issues": "https://github.com/phpstan/phpstan/issues",
                "security": "https://github.com/phpstan/phpstan/security/policy",
                "source": "https://github.com/phpstan/phpstan-src"
            },
            "funding": [
                {
                    "url": "https://github.com/ondrejmirtes",
                    "type": "github"
                },
                {
                    "url": "https://github.com/phpstan",
                    "type": "github"
                }
            ],
            "time": "2026-02-28T20:30:03+00:00"
        },
        {
            "name": "squizlabs/php_codesniffer",
            "version": "3.13.5",
            "source": {
                "type": "git",
                "url": "https://github.com/PHPCSStandards/PHP_CodeSniffer.git",
                "reference": "0ca86845ce43291e8f5692c7356fccf3bcf02bf4"
            },
            "dist": {
                "type": "zip",
                "url": "https://api.github.com/repos/PHPCSStandards/PHP_CodeSniffer/zipball/0ca86845ce43291e8f5692c7356fccf3bcf02bf4",
                "reference": "0ca86845ce43291e8f5692c7356fccf3bcf02bf4",
                "shasum": ""
            },
            "require": {
                "ext-simplexml": "*",
                "ext-tokenizer": "*",
                "ext-xmlwriter": "*",
                "php": ">=5.4.0"
            },
            "require-dev": {
                "phpunit/phpunit": "^4.0 || ^5.0 || ^6.0 || ^7.0 || ^8.0 || ^9.3.4"
            },
            "bin": [
                "bin/phpcbf",
                "bin/phpcs"
            ],
            "type": "library",
            "notification-url": "https://packagist.org/downloads/",
            "license": [
                "BSD-3-Clause"
            ],
            "authors": [
                {
                    "name": "Greg Sherwood",
                    "role": "Former lead"
                },
                {
                    "name": "Juliette Reinders Folmer",
                    "role": "Current lead"
                },
                {
                    "name": "Contributors",
                    "homepage": "https://github.com/PHPCSStandards/PHP_CodeSniffer/graphs/contributors"
                }
            ],
            "description": "PHP_CodeSniffer tokenizes PHP, JavaScript and CSS files and detects violations of a defined set of coding standards.",
            "homepage": "https://github.com/PHPCSStandards/PHP_CodeSniffer",
            "keywords": [
                "phpcs",
                "standards",
                "static analysis"
            ],
            "support": {
                "issues": "https://github.com/PHPCSStandards/PHP_CodeSniffer/issues",
                "security": "https://github.com/PHPCSStandards/PHP_CodeSniffer/security/policy",
                "source": "https://github.com/PHPCSStandards/PHP_CodeSniffer",
                "wiki": "https://github.com/PHPCSStandards/PHP_CodeSniffer/wiki"
            },
            "funding": [
                {
                    "url": "https://github.com/PHPCSStandards",
                    "type": "github"
                },
                {
                    "url": "https://github.com/jrfnl",
                    "type": "github"
                },
                {
                    "url": "https://opencollective.com/php_codesniffer",
                    "type": "open_collective"
                },
                {
                    "url": "https://thanks.dev/u/gh/phpcsstandards",
                    "type": "thanks_dev"
                }
            ],
            "time": "2025-11-04T16:30:35+00:00"
        }
    ],
    "aliases": [],
    "minimum-stability": "stable",
    "stability-flags": {},
    "prefer-stable": false,
    "prefer-lowest": false,
    "platform": {},
    "platform-dev": {},
    "plugin-api-version": "2.6.0"
}
